PODS:
  - Capacitor (8.3.4):
    - CapacitorCordova
  - CapacitorCordova (8.3.4)
  - hyperswitch-ios-hermes (0.79.1)
  - hyperswitch-sdk-ios (0.4.9):
    - hyperswitch-sdk-ios/common (= 0.4.9)
    - hyperswitch-sdk-ios/core (= 0.4.9)
  - hyperswitch-sdk-ios/common (0.4.9)
  - hyperswitch-sdk-ios/core (0.4.9):
    - hyperswitch-ios-hermes (= 0.79.1)
    - hyperswitch-sdk-ios/common
  - hyperswitch-sdk-ios/sentry (0.4.9):
    - hyperswitch-sdk-ios/core
  - JuspayTechCapacitorHyperswitch (1.0.5):
    - Capacitor
    - hyperswitch-sdk-ios/sentry (= 0.4.9)

DEPENDENCIES:
  - "Capacitor (from `../../node_modules/@capacitor/ios`)"
  - "CapacitorCordova (from `../../node_modules/@capacitor/ios`)"
  - hyperswitch-sdk-ios (from `../../../hyperswitch-client-core/ios`)
  - JuspayTechCapacitorHyperswitch (from `../../../capacitor-hyperswitch`)

SPEC REPOS:
  trunk:
    - hyperswitch-ios-hermes

EXTERNAL SOURCES:
  Capacitor:
    :path: "../../node_modules/@capacitor/ios"
  CapacitorCordova:
    :path: "../../node_modules/@capacitor/ios"
  hyperswitch-sdk-ios:
    :path: "../../../hyperswitch-client-core/ios"
  JuspayTechCapacitorHyperswitch:
    :path: "../../../capacitor-hyperswitch"

SPEC CHECKSUMS:
  Capacitor: d13cad5fa09155679672808cc4ca9fbc2997e1b4
  CapacitorCordova: c07921bdcfec6f691bae22274446b4d606ebf6a4
  hyperswitch-ios-hermes: 326f6c577732ca376355e38803cc80184cd54c7c
  hyperswitch-sdk-ios: cfa44cf75927383e68fffac3996ac54c5e969002
  JuspayTechCapacitorHyperswitch: 09919e478f63abac0b292041d56d2b6b8359d8d9

PODFILE CHECKSUM: 905626e55d87f4e2c3336a4f3718b75ff10bdf33

COCOAPODS: 1.16.2
